
Microsoft Visual Studio Solution File, Format Version 12.00
# Visual Studio 15
VisualStudioVersion = 15.0.27004.2005
MinimumVisualStudioVersion = 10.0.40219.1
Project("{FAE04EC0-301F-11D3-BF4B-00C04F79EFBC}") = "KCW", "KCW\KCW.csproj", "{A8AE7426-16FD-468C-BE6F-BFA004334F0E}"
EndProject
Project("{8BC9CEB8-8B4A-11D0-8D11-00A0C91BC942}") = "Osight_LS210_DLL", "Osight_LS210_DLL\Osight_LS210_DLL.vcxproj", "{4536ED1D-CF66-4E2D-A3A6-D9E20C243644}"
EndProject
Project("{FAE04EC0-301F-11D3-BF4B-00C04F79EFBC}") = "Lidar_Publication", "Lidar_Publication\Lidar_Publication.csproj", "{317E10BA-A2AC-4753-A97A-AEC6F5A2C558}"
EndProject
Global
	GlobalSection(SolutionConfigurationPlatforms) = preSolution
		Debug|Any CPU = Debug|Any CPU
		Debug|x64 = Debug|x64
		Debug|x86 = Debug|x86
		Release|Any CPU = Release|Any CPU
		Release|x64 = Release|x64
		Release|x86 = Release|x86
	EndGlobalSection
	GlobalSection(ProjectConfigurationPlatforms) = postSolution
		{A8AE7426-16FD-468C-BE6F-BFA004334F0E}.Debug|Any CPU.ActiveCfg = Debug|Any CPU
		{A8AE7426-16FD-468C-BE6F-BFA004334F0E}.Debug|Any CPU.Build.0 = Debug|Any CPU
		{A8AE7426-16FD-468C-BE6F-BFA004334F0E}.Debug|x64.ActiveCfg = Debug|Any CPU
		{A8AE7426-16FD-468C-BE6F-BFA004334F0E}.Debug|x64.Build.0 = Debug|Any CPU
		{A8AE7426-16FD-468C-BE6F-BFA004334F0E}.Debug|x86.ActiveCfg = Debug|x86
		{A8AE7426-16FD-468C-BE6F-BFA004334F0E}.Debug|x86.Build.0 = Debug|x86
		{A8AE7426-16FD-468C-BE6F-BFA004334F0E}.Release|Any CPU.ActiveCfg = Release|Any CPU
		{A8AE7426-16FD-468C-BE6F-BFA004334F0E}.Release|Any CPU.Build.0 = Release|Any CPU
		{A8AE7426-16FD-468C-BE6F-BFA004334F0E}.Release|x64.ActiveCfg = Release|Any CPU
		{A8AE7426-16FD-468C-BE6F-BFA004334F0E}.Release|x64.Build.0 = Release|Any CPU
		{A8AE7426-16FD-468C-BE6F-BFA004334F0E}.Release|x86.ActiveCfg = Release|Any CPU
		{A8AE7426-16FD-468C-BE6F-BFA004334F0E}.Release|x86.Build.0 = Release|Any CPU
		{4536ED1D-CF66-4E2D-A3A6-D9E20C243644}.Debug|Any CPU.ActiveCfg = Debug|Win32
		{4536ED1D-CF66-4E2D-A3A6-D9E20C243644}.Debug|x64.ActiveCfg = Debug|x64
		{4536ED1D-CF66-4E2D-A3A6-D9E20C243644}.Debug|x64.Build.0 = Debug|x64
		{4536ED1D-CF66-4E2D-A3A6-D9E20C243644}.Debug|x86.ActiveCfg = Debug|Win32
		{4536ED1D-CF66-4E2D-A3A6-D9E20C243644}.Debug|x86.Build.0 = Debug|Win32
		{4536ED1D-CF66-4E2D-A3A6-D9E20C243644}.Release|Any CPU.ActiveCfg = Release|Win32
		{4536ED1D-CF66-4E2D-A3A6-D9E20C243644}.Release|x64.ActiveCfg = Release|x64
		{4536ED1D-CF66-4E2D-A3A6-D9E20C243644}.Release|x64.Build.0 = Release|x64
		{4536ED1D-CF66-4E2D-A3A6-D9E20C243644}.Release|x86.ActiveCfg = Release|Win32
		{4536ED1D-CF66-4E2D-A3A6-D9E20C243644}.Release|x86.Build.0 = Release|Win32
		{317E10BA-A2AC-4753-A97A-AEC6F5A2C558}.Debug|Any CPU.ActiveCfg = Debug|Any CPU
		{317E10BA-A2AC-4753-A97A-AEC6F5A2C558}.Debug|Any CPU.Build.0 = Debug|Any CPU
		{317E10BA-A2AC-4753-A97A-AEC6F5A2C558}.Debug|x64.ActiveCfg = Debug|Any CPU
		{317E10BA-A2AC-4753-A97A-AEC6F5A2C558}.Debug|x64.Build.0 = Debug|Any CPU
		{317E10BA-A2AC-4753-A97A-AEC6F5A2C558}.Debug|x86.ActiveCfg = Debug|Any CPU
		{317E10BA-A2AC-4753-A97A-AEC6F5A2C558}.Debug|x86.Build.0 = Debug|Any CPU
		{317E10BA-A2AC-4753-A97A-AEC6F5A2C558}.Release|Any CPU.ActiveCfg = Release|Any CPU
		{317E10BA-A2AC-4753-A97A-AEC6F5A2C558}.Release|Any CPU.Build.0 = Release|Any CPU
		{317E10BA-A2AC-4753-A97A-AEC6F5A2C558}.Release|x64.ActiveCfg = Release|Any CPU
		{317E10BA-A2AC-4753-A97A-AEC6F5A2C558}.Release|x64.Build.0 = Release|Any CPU
		{317E10BA-A2AC-4753-A97A-AEC6F5A2C558}.Release|x86.ActiveCfg = Release|Any CPU
		{317E10BA-A2AC-4753-A97A-AEC6F5A2C558}.Release|x86.Build.0 = Release|Any CPU
	EndGlobalSection
	GlobalSection(SolutionProperties) = preSolution
		HideSolutionNode = FALSE
	EndGlobalSection
	GlobalSection(ExtensibilityGlobals) = postSolution
		SolutionGuid = {16513CF1-0678-45A8-8F19-E3878C5D9EE5}
	EndGlobalSection
EndGlobal
